{
  "lockfileVersion": 1,
  "configVersion": 1,
  "workspaces": {
    "": {
      "name": "jenkins-cli-ts",
      "dependencies": {
        "@clack/prompts": "^1.0.0",
        "yargs": "^18.0.0",
      },
      "devDependencies": {
        "@types/bun": "latest",
        "oxlint": "^1.42.0",
        "typescript": "^5",
      },
    },
  },
  "packages": {
    "@clack/core": ["@clack/core@1.0.0", "", { "dependencies": { "picocolors": "^1.0.0", "sisteransi": "^1.0.5" } }, "sha512-Orf9Ltr5NeiEuVJS8Rk2XTw3IxNC2Bic3ash7GgYeA8LJ/zmSNpSQ/m5UAhe03lA6KFgklzZ5KTHs4OAMA/SAQ=="],

    "@clack/prompts": ["@clack/prompts@1.0.0", "", { "dependencies": { "@clack/core": "1.0.0", "picocolors": "^1.0.0", "sisteransi": "^1.0.5" } }, "sha512-rWPXg9UaCFqErJVQ+MecOaWsozjaxol4yjnmYcGNipAWzdaWa2x+VJmKfGq7L0APwBohQOYdHC+9RO4qRXej+A=="],

    "@oxlint/darwin-arm64": ["@oxlint/darwin-arm64@1.42.0", "", { "os": "darwin", "cpu": "arm64" }, "sha512-ui5CdAcDsXPQwZQEXOOSWsilJWhgj9jqHCvYBm2tDE8zfwZZuF9q58+hGKH1x5y0SV4sRlyobB2Quq6uU6EgeA=="],

    "@oxlint/darwin-x64": ["@oxlint/darwin-x64@1.42.0", "", { "os": "darwin", "cpu": "x64" }, "sha512-wo0M/hcpHRv7vFje99zHHqheOhVEwUOKjOgBKyi0M99xcLizv04kcSm1rTd6HSCeZgOtiJYZRVAlKhQOQw2byQ=="],

    "@oxlint/linux-arm64-gnu": ["@oxlint/linux-arm64-gnu@1.42.0", "", { "os": "linux", "cpu": "arm64" }, "sha512-j4QzfCM8ks+OyM+KKYWDiBEQsm5RCW50H1Wz16wUyoFsobJ+X5qqcJxq6HvkE07m8euYmZelyB0WqsiDoz1v8g=="],

    "@oxlint/linux-arm64-musl": ["@oxlint/linux-arm64-musl@1.42.0", "", { "os": "linux", "cpu": "arm64" }, "sha512-g5b1Uw7zo6yw4Ymzyd1etKzAY7xAaGA3scwB8tAp3QzuY7CYdfTwlhiLKSAKbd7T/JBgxOXAGNcLDorJyVTXcg=="],

    "@oxlint/linux-x64-gnu": ["@oxlint/linux-x64-gnu@1.42.0", "", { "os": "linux", "cpu": "x64" }, "sha512-HnD99GD9qAbpV4q9iQil7mXZUJFpoBdDavfcC2CgGLPlawfcV5COzQPNwOgvPVkr7C0cBx6uNCq3S6r9IIiEIg=="],

    "@oxlint/linux-x64-musl": ["@oxlint/linux-x64-musl@1.42.0", "", { "os": "linux", "cpu": "x64" }, "sha512-8NTe8A78HHFn+nBi+8qMwIjgv9oIBh+9zqCPNLH56ah4vKOPvbePLI6NIv9qSkmzrBuu8SB+FJ2TH/G05UzbNA=="],

    "@oxlint/win32-arm64": ["@oxlint/win32-arm64@1.42.0", "", { "os": "win32", "cpu": "arm64" }, "sha512-lAPS2YAuu+qFqoTNPFcNsxXjwSV0M+dOgAzzVTAN7Yo2ifj+oLOx0GsntWoM78PvQWI7Q827ZxqtU2ImBmDapA=="],

    "@oxlint/win32-x64": ["@oxlint/win32-x64@1.42.0", "", { "os": "win32", "cpu": "x64" }, "sha512-3/KmyUOHNriL6rLpaFfm9RJxdhpXY2/Ehx9UuorJr2pUA+lrZL15FAEx/DOszYm5r10hfzj40+efAHcCilNvSQ=="],

    "@types/bun": ["@types/bun@1.3.8", "", { "dependencies": { "bun-types": "1.3.8" } }, "sha512-3LvWJ2q5GerAXYxO2mffLTqOzEu5qnhEAlh48Vnu8WQfnmSwbgagjGZV6BoHKJztENYEDn6QmVd949W4uESRJA=="],

    "@types/node": ["@types/node@25.1.0", "", { "dependencies": { "undici-types": "~7.16.0" } }, "sha512-t7frlewr6+cbx+9Ohpl0NOTKXZNV9xHRmNOvql47BFJKcEG1CxtxlPEEe+gR9uhVWM4DwhnvTF110mIL4yP9RA=="],

    "ansi-regex": ["ansi-regex@6.2.2", "", {}, "sha512-Bq3SmSpyFHaWjPk8If9yc6svM8c56dB5BAtW4Qbw5jHTwwXXcTLoRMkpDJp6VL0XzlWaCHTXrkFURMYmD0sLqg=="],

    "ansi-styles": ["ansi-styles@6.2.3", "", {}, "sha512-4Dj6M28JB+oAH8kFkTLUo+a2jwOFkuqb3yucU0CANcRRUbxS0cP0nZYCGjcc3BNXwRIsUVmDGgzawme7zvJHvg=="],

    "bun-types": ["bun-types@1.3.8", "", { "dependencies": { "@types/node": "*" } }, "sha512-fL99nxdOWvV4LqjmC+8Q9kW3M4QTtTR1eePs94v5ctGqU8OeceWrSUaRw3JYb7tU3FkMIAjkueehrHPPPGKi5Q=="],

    "cliui": ["cliui@9.0.1", "", { "dependencies": { "string-width": "^7.2.0", "strip-ansi": "^7.1.0", "wrap-ansi": "^9.0.0" } }, "sha512-k7ndgKhwoQveBL+/1tqGJYNz097I7WOvwbmmU2AR5+magtbjPWQTS1C5vzGkBC8Ym8UWRzfKUzUUqFLypY4Q+w=="],

    "emoji-regex": ["emoji-regex@10.6.0", "", {}, "sha512-toUI84YS5YmxW219erniWD0CIVOo46xGKColeNQRgOzDorgBi1v4D71/OFzgD9GO2UGKIv1C3Sp8DAn0+j5w7A=="],

    "escalade": ["escalade@3.2.0", "", {}, "sha512-WUj2qlxaQtO4g6Pq5c29GTcWGDyd8itL8zTlipgECz3JesAiiOKotd8JU6otB3PACgG6xkJUyVhboMS+bje/jA=="],

    "get-caller-file": ["get-caller-file@2.0.5", "", {}, "sha512-DyFP3BM/3YHTQOCUL/w0OZHR0lpKeGrxotcHWcqNEdnltqFwXVfhEBQ94eIo34AfQpo0rGki4cyIiftY06h2Fg=="],

    "get-east-asian-width": ["get-east-asian-width@1.4.0", "", {}, "sha512-QZjmEOC+IT1uk6Rx0sX22V6uHWVwbdbxf1faPqJ1QhLdGgsRGCZoyaQBm/piRdJy/D2um6hM1UP7ZEeQ4EkP+Q=="],

    "oxlint": ["oxlint@1.42.0", "", { "optionalDependencies": { "@oxlint/darwin-arm64": "1.42.0", "@oxlint/darwin-x64": "1.42.0", "@oxlint/linux-arm64-gnu": "1.42.0", "@oxlint/linux-arm64-musl": "1.42.0", "@oxlint/linux-x64-gnu": "1.42.0", "@oxlint/linux-x64-musl": "1.42.0", "@oxlint/win32-arm64": "1.42.0", "@oxlint/win32-x64": "1.42.0" }, "peerDependencies": { "oxlint-tsgolint": ">=0.11.2" }, "optionalPeers": ["oxlint-tsgolint"], "bin": { "oxlint": "bin/oxlint" } }, "sha512-qnspC/lrp8FgKNaONLLn14dm+W5t0SSlus6V5NJpgI2YNT1tkFYZt4fBf14ESxf9AAh98WBASnW5f0gtw462Lg=="],

    "picocolors": ["picocolors@1.1.1", "", {}, "sha512-xceH2snhtb5M9liqDsmEw56le376mTZkEX/jEb/RxNFyegNul7eNslCXP9FDj/Lcu0X8KEyMceP2ntpaHrDEVA=="],

    "sisteransi": ["sisteransi@1.0.5", "", {}, "sha512-bLGGlR1QxBcynn2d5YmDX4MGjlZvy2MRBDRNHLJ8VI6l6+9FUiyTFNJ0IveOSP0bcXgVDPRcfGqA0pjaqUpfVg=="],

    "string-width": ["string-width@7.2.0", "", { "dependencies": { "emoji-regex": "^10.3.0", "get-east-asian-width": "^1.0.0", "strip-ansi": "^7.1.0" } }, "sha512-tsaTIkKW9b4N+AEj+SVA+WhJzV7/zMhcSu78mLKWSk7cXMOSHsBKFWUs0fWwq8QyK3MgJBQRX6Gbi4kYbdvGkQ=="],

    "strip-ansi": ["strip-ansi@7.1.2", "", { "dependencies": { "ansi-regex": "^6.0.1" } }, "sha512-gmBGslpoQJtgnMAvOVqGZpEz9dyoKTCzy2nfz/n8aIFhN/jCE/rCmcxabB6jOOHV+0WNnylOxaxBQPSvcWklhA=="],

    "typescript": ["typescript@5.9.3", "", { "bin": { "tsc": "bin/tsc", "tsserver": "bin/tsserver" } }, "sha512-jl1vZzPDinLr9eUt3J/t7V6FgNEw9QjvBPdysz9KfQDD41fQrC2Y4vKQdiaUpFT4bXlb1RHhLpp8wtm6M5TgSw=="],

    "undici-types": ["undici-types@7.16.0", "", {}, "sha512-Zz+aZWSj8LE6zoxD+xrjh4VfkIG8Ya6LvYkZqtUQGJPZjYl53ypCaUwWqo7eI0x66KBGeRo+mlBEkMSeSZ38Nw=="],

    "wrap-ansi": ["wrap-ansi@9.0.2", "", { "dependencies": { "ansi-styles": "^6.2.1", "string-width": "^7.0.0", "strip-ansi": "^7.1.0" } }, "sha512-42AtmgqjV+X1VpdOfyTGOYRi0/zsoLqtXQckTmqTeybT+BDIbM/Guxo7x3pE2vtpr1ok6xRqM9OpBe+Jyoqyww=="],

    "y18n": ["y18n@5.0.8", "", {}, "sha512-0pfFzegeDWJHJIAmTLRP2DwHjdF5s7jo9tuztdQxAhINCdvS+3nGINqPd00AphqJR/0LhANUS6/+7SCb98YOfA=="],

    "yargs": ["yargs@18.0.0", "", { "dependencies": { "cliui": "^9.0.1", "escalade": "^3.1.1", "get-caller-file": "^2.0.5", "string-width": "^7.2.0", "y18n": "^5.0.5", "yargs-parser": "^22.0.0" } }, "sha512-4UEqdc2RYGHZc7Doyqkrqiln3p9X2DZVxaGbwhn2pi7MrRagKaOcIKe8L3OxYcbhXLgLFUS3zAYuQjKBQgmuNg=="],

    "yargs-parser": ["yargs-parser@22.0.0", "", {}, "sha512-rwu/ClNdSMpkSrUb+d6BRsSkLUq1fmfsY6TOpYzTwvwkg1/NRG85KBy3kq++A8LKQwX6lsu+aWad+2khvuXrqw=="],
  }
}
